
Microsoft Visual Studio Solution File, Format Version 12.00
# Visual Studio Version 17
VisualStudioVersion = 17.5.33530.505
MinimumVisualStudioVersion = 10.0.40219.1
Project("{2150E333-8FDC-42A3-9474-1A3956D46DE8}") = "DOC", "DOC", "{14874C45-4686-4B66-BF78-2A7327EAF4B4}"
	ProjectSection(SolutionItems) = preProject
		프로젝트 구성.txt = 프로젝트 구성.txt
	EndProjectSection
EndProject
Project("{2150E333-8FDC-42A3-9474-1A3956D46DE8}") = "Level0", "Level0", "{37DA3548-B45F-4507-97B2-61EF3ED9E2A6}"
EndProject
Project("{2150E333-8FDC-42A3-9474-1A3956D46DE8}") = "Level1", "Level1", "{660CFE02-10F7-4D85-A4FF-55822B467348}"
EndProject
Project("{2150E333-8FDC-42A3-9474-1A3956D46DE8}") = "Level2", "Level2", "{DE3CEB77-2307-4450-8F66-F5CABD08FB11}"
EndProject
Project("{2150E333-8FDC-42A3-9474-1A3956D46DE8}") = "Level3", "Level3", "{733F22FA-322E-45E5-AC49-D3ED9E4D213E}"
EndProject
Project("{2150E333-8FDC-42A3-9474-1A3956D46DE8}") = "Level4", "Level4", "{B54CD42C-8C08-4577-A4CB-584718782EB4}"
EndProject
Project("{8BC9CEB8-8B4A-11D0-8D11-00A0C91BC942}") = "GameEngineBase", "GameEngineBase\GameEngineBase.vcxproj", "{43E95582-82FC-46C5-A7CA-7D887CD0432B}"
EndProject
Project("{8BC9CEB8-8B4A-11D0-8D11-00A0C91BC942}") = "GameEnginePlatform", "GameEnginePlatform\GameEnginePlatform.vcxproj", "{B12389BB-D4E5-432C-8009-E8E5CDE972EB}"
	ProjectSection(ProjectDependencies) = postProject
		{43E95582-82FC-46C5-A7CA-7D887CD0432B} = {43E95582-82FC-46C5-A7CA-7D887CD0432B}
	EndProjectSection
EndProject
Project("{8BC9CEB8-8B4A-11D0-8D11-00A0C91BC942}") = "GameEngineCore", "GameEngineCore\GameEngineCore.vcxproj", "{A4EAC0EF-501D-4EFF-8F14-AD9ED3FDE416}"
	ProjectSection(ProjectDependencies) = postProject
		{43E95582-82FC-46C5-A7CA-7D887CD0432B} = {43E95582-82FC-46C5-A7CA-7D887CD0432B}
		{B12389BB-D4E5-432C-8009-E8E5CDE972EB} = {B12389BB-D4E5-432C-8009-E8E5CDE972EB}
	EndProjectSection
EndProject
Project("{8BC9CEB8-8B4A-11D0-8D11-00A0C91BC942}") = "TetrisContents", "TetrisContents\TetrisContents.vcxproj", "{136DEA2F-6759-4C35-8F9E-FC191338142A}"
	ProjectSection(ProjectDependencies) = postProject
		{43E95582-82FC-46C5-A7CA-7D887CD0432B} = {43E95582-82FC-46C5-A7CA-7D887CD0432B}
		{A4EAC0EF-501D-4EFF-8F14-AD9ED3FDE416} = {A4EAC0EF-501D-4EFF-8F14-AD9ED3FDE416}
		{B12389BB-D4E5-432C-8009-E8E5CDE972EB} = {B12389BB-D4E5-432C-8009-E8E5CDE972EB}
	EndProjectSection
EndProject
Project("{8BC9CEB8-8B4A-11D0-8D11-00A0C91BC942}") = "TetrisApp", "TetrisApp\TetrisApp.vcxproj", "{91E508B0-7F4F-436D-AEA5-E97AB25460F7}"
	ProjectSection(ProjectDependencies) = postProject
		{136DEA2F-6759-4C35-8F9E-FC191338142A} = {136DEA2F-6759-4C35-8F9E-FC191338142A}
		{43E95582-82FC-46C5-A7CA-7D887CD0432B} = {43E95582-82FC-46C5-A7CA-7D887CD0432B}
		{A4EAC0EF-501D-4EFF-8F14-AD9ED3FDE416} = {A4EAC0EF-501D-4EFF-8F14-AD9ED3FDE416}
		{B12389BB-D4E5-432C-8009-E8E5CDE972EB} = {B12389BB-D4E5-432C-8009-E8E5CDE972EB}
	EndProjectSection
EndProject
Global
	GlobalSection(SolutionConfigurationPlatforms) = preSolution
		Debug|x64 = Debug|x64
		Debug|x86 = Debug|x86
		Release|x64 = Release|x64
		Release|x86 = Release|x86
	EndGlobalSection
	GlobalSection(ProjectConfigurationPlatforms) = postSolution
		{43E95582-82FC-46C5-A7CA-7D887CD0432B}.Debug|x64.ActiveCfg = Debug|x64
		{43E95582-82FC-46C5-A7CA-7D887CD0432B}.Debug|x64.Build.0 = Debug|x64
		{43E95582-82FC-46C5-A7CA-7D887CD0432B}.Debug|x86.ActiveCfg = Debug|Win32
		{43E95582-82FC-46C5-A7CA-7D887CD0432B}.Debug|x86.Build.0 = Debug|Win32
		{43E95582-82FC-46C5-A7CA-7D887CD0432B}.Release|x64.ActiveCfg = Release|x64
		{43E95582-82FC-46C5-A7CA-7D887CD0432B}.Release|x64.Build.0 = Release|x64
		{43E95582-82FC-46C5-A7CA-7D887CD0432B}.Release|x86.ActiveCfg = Release|Win32
		{43E95582-82FC-46C5-A7CA-7D887CD0432B}.Release|x86.Build.0 = Release|Win32
		{B12389BB-D4E5-432C-8009-E8E5CDE972EB}.Debug|x64.ActiveCfg = Debug|x64
		{B12389BB-D4E5-432C-8009-E8E5CDE972EB}.Debug|x64.Build.0 = Debug|x64
		{B12389BB-D4E5-432C-8009-E8E5CDE972EB}.Debug|x86.ActiveCfg = Debug|Win32
		{B12389BB-D4E5-432C-8009-E8E5CDE972EB}.Debug|x86.Build.0 = Debug|Win32
		{B12389BB-D4E5-432C-8009-E8E5CDE972EB}.Release|x64.ActiveCfg = Release|x64
		{B12389BB-D4E5-432C-8009-E8E5CDE972EB}.Release|x64.Build.0 = Release|x64
		{B12389BB-D4E5-432C-8009-E8E5CDE972EB}.Release|x86.ActiveCfg = Release|Win32
		{B12389BB-D4E5-432C-8009-E8E5CDE972EB}.Release|x86.Build.0 = Release|Win32
		{A4EAC0EF-501D-4EFF-8F14-AD9ED3FDE416}.Debug|x64.ActiveCfg = Debug|x64
		{A4EAC0EF-501D-4EFF-8F14-AD9ED3FDE416}.Debug|x64.Build.0 = Debug|x64
		{A4EAC0EF-501D-4EFF-8F14-AD9ED3FDE416}.Debug|x86.ActiveCfg = Debug|Win32
		{A4EAC0EF-501D-4EFF-8F14-AD9ED3FDE416}.Debug|x86.Build.0 = Debug|Win32
		{A4EAC0EF-501D-4EFF-8F14-AD9ED3FDE416}.Release|x64.ActiveCfg = Release|x64
		{A4EAC0EF-501D-4EFF-8F14-AD9ED3FDE416}.Release|x64.Build.0 = Release|x64
		{A4EAC0EF-501D-4EFF-8F14-AD9ED3FDE416}.Release|x86.ActiveCfg = Release|Win32
		{A4EAC0EF-501D-4EFF-8F14-AD9ED3FDE416}.Release|x86.Build.0 = Release|Win32
		{136DEA2F-6759-4C35-8F9E-FC191338142A}.Debug|x64.ActiveCfg = Debug|x64
		{136DEA2F-6759-4C35-8F9E-FC191338142A}.Debug|x64.Build.0 = Debug|x64
		{136DEA2F-6759-4C35-8F9E-FC191338142A}.Debug|x86.ActiveCfg = Debug|Win32
		{136DEA2F-6759-4C35-8F9E-FC191338142A}.Debug|x86.Build.0 = Debug|Win32
		{136DEA2F-6759-4C35-8F9E-FC191338142A}.Release|x64.ActiveCfg = Release|x64
		{136DEA2F-6759-4C35-8F9E-FC191338142A}.Release|x64.Build.0 = Release|x64
		{136DEA2F-6759-4C35-8F9E-FC191338142A}.Release|x86.ActiveCfg = Release|Win32
		{136DEA2F-6759-4C35-8F9E-FC191338142A}.Release|x86.Build.0 = Release|Win32
		{91E508B0-7F4F-436D-AEA5-E97AB25460F7}.Debug|x64.ActiveCfg = Debug|x64
		{91E508B0-7F4F-436D-AEA5-E97AB25460F7}.Debug|x64.Build.0 = Debug|x64
		{91E508B0-7F4F-436D-AEA5-E97AB25460F7}.Debug|x86.ActiveCfg = Debug|Win32
		{91E508B0-7F4F-436D-AEA5-E97AB25460F7}.Debug|x86.Build.0 = Debug|Win32
		{91E508B0-7F4F-436D-AEA5-E97AB25460F7}.Release|x64.ActiveCfg = Release|x64
		{91E508B0-7F4F-436D-AEA5-E97AB25460F7}.Release|x64.Build.0 = Release|x64
		{91E508B0-7F4F-436D-AEA5-E97AB25460F7}.Release|x86.ActiveCfg = Release|Win32
		{91E508B0-7F4F-436D-AEA5-E97AB25460F7}.Release|x86.Build.0 = Release|Win32
	EndGlobalSection
	GlobalSection(SolutionProperties) = preSolution
		HideSolutionNode = FALSE
	EndGlobalSection
	GlobalSection(NestedProjects) = preSolution
		{43E95582-82FC-46C5-A7CA-7D887CD0432B} = {37DA3548-B45F-4507-97B2-61EF3ED9E2A6}
		{B12389BB-D4E5-432C-8009-E8E5CDE972EB} = {660CFE02-10F7-4D85-A4FF-55822B467348}
		{A4EAC0EF-501D-4EFF-8F14-AD9ED3FDE416} = {DE3CEB77-2307-4450-8F66-F5CABD08FB11}
		{136DEA2F-6759-4C35-8F9E-FC191338142A} = {733F22FA-322E-45E5-AC49-D3ED9E4D213E}
		{91E508B0-7F4F-436D-AEA5-E97AB25460F7} = {B54CD42C-8C08-4577-A4CB-584718782EB4}
	EndGlobalSection
	GlobalSection(ExtensibilityGlobals) = postSolution
		SolutionGuid = {F10E41A8-9A6C-4064-BD3F-6189FB2BABD1}
	EndGlobalSection
EndGlobal
